
Microsoft Visual Studio Solution File, Format Version 12.00
# Visual Studio Version 17
VisualStudioVersion = 17.10.35013.160
MinimumVisualStudioVersion = 10.0.40219.1
Project("{9A19103F-16F7-4668-BE54-9A1E7A4F7556}") = "DesignProject", "DesignProject\DesignProject.csproj", "{97F3A7B2-E5E4-4F8C-87AC-8A1E5FAAE21F}"
EndProject
Project("{9A19103F-16F7-4668-BE54-9A1E7A4F7556}") = "WebApplication1", "WebApplication1\WebApplication1.csproj", "{CA97F9D8-E73E-4D1D-A534-E3290BD9525F}"
EndProject
Project("{9A19103F-16F7-4668-BE54-9A1E7A4F7556}") = "WebApplication2", "WebApplication2\WebApplication2.csproj", "{7F15C7C1-D5E5-40AC-9B6D-1FE9481F2F6A}"
EndProject
Project("{9A19103F-16F7-4668-BE54-9A1E7A4F7556}") = "WebApplication4", "WebApplication4\WebApplication4.csproj", "{C94FE9F9-9FAC-4588-93C8-5F951E72F189}"
EndProject
Project("{9A19103F-16F7-4668-BE54-9A1E7A4F7556}") = "MinimalApiOauth", "MinimalApiOauth\MinimalApiOauth.csproj", "{8F126DC1-7010-41EA-9F0D-D23E75E9C3D0}"
EndProject
Project("{2150E333-8FDC-42A3-9474-1A3956D46DE8}") = "Architecture", "Architecture", "{7392A70A-E74E-4A0C-8E0C-ABDCB49B6DA9}"
EndProject
Project("{9A19103F-16F7-4668-BE54-9A1E7A4F7556}") = "Onion", "Clean\Onion.csproj", "{180C4756-0D8E-47FF-B331-0B4F4D5AA2E1}"
EndProject
Project("{9A19103F-16F7-4668-BE54-9A1E7A4F7556}") = "Domain", "Domain\Domain.csproj", "{A1CA1228-55F8-453A-AA21-4C4124255CA7}"
EndProject
Project("{9A19103F-16F7-4668-BE54-9A1E7A4F7556}") = "Infrastructure", "Infrastructure\Infrastructure.csproj", "{77BFC8C8-3B3A-4196-A837-3FBCA5D6F35B}"
EndProject
Project("{9A19103F-16F7-4668-BE54-9A1E7A4F7556}") = "Presentation", "Presentation\Presentation.csproj", "{E872E677-182B-4195-AAE1-714B68132520}"
EndProject
Project("{9A19103F-16F7-4668-BE54-9A1E7A4F7556}") = "Service", "Service\Service.csproj", "{3FAF17ED-9299-4845-9AB3-248EEEA2764C}"
EndProject
Project("{9A19103F-16F7-4668-BE54-9A1E7A4F7556}") = "Services.Abstractions", "Services.Abstractions\Services.Abstractions.csproj", "{7E368E67-4E7E-4B61-BB85-39CA2BD5617C}"
EndProject
Project("{9A19103F-16F7-4668-BE54-9A1E7A4F7556}") = "Contracts", "Contracts\Contracts.csproj", "{B9DFBD39-6719-410F-94D8-8311F9354450}"
EndProject
Project("{2150E333-8FDC-42A3-9474-1A3956D46DE8}") = "Innerlayer", "Innerlayer", "{D31CFD8B-56D8-4EC6-A685-A1909627CC25}"
EndProject
Project("{2150E333-8FDC-42A3-9474-1A3956D46DE8}") = "OuterLayer", "OuterLayer", "{7F55BB54-DA22-4D48-8221-E06DA3208A48}"
EndProject
Global
	GlobalSection(SolutionConfigurationPlatforms) = preSolution
		Debug|Any CPU = Debug|Any CPU
		Release|Any CPU = Release|Any CPU
	EndGlobalSection
	GlobalSection(ProjectConfigurationPlatforms) = postSolution
		{97F3A7B2-E5E4-4F8C-87AC-8A1E5FAAE21F}.Debug|Any CPU.ActiveCfg = Debug|Any CPU
		{97F3A7B2-E5E4-4F8C-87AC-8A1E5FAAE21F}.Debug|Any CPU.Build.0 = Debug|Any CPU
		{97F3A7B2-E5E4-4F8C-87AC-8A1E5FAAE21F}.Release|Any CPU.ActiveCfg = Release|Any CPU
		{97F3A7B2-E5E4-4F8C-87AC-8A1E5FAAE21F}.Release|Any CPU.Build.0 = Release|Any CPU
		{CA97F9D8-E73E-4D1D-A534-E3290BD9525F}.Debug|Any CPU.ActiveCfg = Debug|Any CPU
		{CA97F9D8-E73E-4D1D-A534-E3290BD9525F}.Debug|Any CPU.Build.0 = Debug|Any CPU
		{CA97F9D8-E73E-4D1D-A534-E3290BD9525F}.Release|Any CPU.ActiveCfg = Release|Any CPU
		{CA97F9D8-E73E-4D1D-A534-E3290BD9525F}.Release|Any CPU.Build.0 = Release|Any CPU
		{7F15C7C1-D5E5-40AC-9B6D-1FE9481F2F6A}.Debug|Any CPU.ActiveCfg = Debug|Any CPU
		{7F15C7C1-D5E5-40AC-9B6D-1FE9481F2F6A}.Debug|Any CPU.Build.0 = Debug|Any CPU
		{7F15C7C1-D5E5-40AC-9B6D-1FE9481F2F6A}.Release|Any CPU.ActiveCfg = Release|Any CPU
		{7F15C7C1-D5E5-40AC-9B6D-1FE9481F2F6A}.Release|Any CPU.Build.0 = Release|Any CPU
		{C94FE9F9-9FAC-4588-93C8-5F951E72F189}.Debug|Any CPU.ActiveCfg = Debug|Any CPU
		{C94FE9F9-9FAC-4588-93C8-5F951E72F189}.Debug|Any CPU.Build.0 = Debug|Any CPU
		{C94FE9F9-9FAC-4588-93C8-5F951E72F189}.Release|Any CPU.ActiveCfg = Release|Any CPU
		{C94FE9F9-9FAC-4588-93C8-5F951E72F189}.Release|Any CPU.Build.0 = Release|Any CPU
		{8F126DC1-7010-41EA-9F0D-D23E75E9C3D0}.Debug|Any CPU.ActiveCfg = Debug|Any CPU
		{8F126DC1-7010-41EA-9F0D-D23E75E9C3D0}.Debug|Any CPU.Build.0 = Debug|Any CPU
		{8F126DC1-7010-41EA-9F0D-D23E75E9C3D0}.Release|Any CPU.ActiveCfg = Release|Any CPU
		{8F126DC1-7010-41EA-9F0D-D23E75E9C3D0}.Release|Any CPU.Build.0 = Release|Any CPU
		{180C4756-0D8E-47FF-B331-0B4F4D5AA2E1}.Debug|Any CPU.ActiveCfg = Debug|Any CPU
		{180C4756-0D8E-47FF-B331-0B4F4D5AA2E1}.Debug|Any CPU.Build.0 = Debug|Any CPU
		{180C4756-0D8E-47FF-B331-0B4F4D5AA2E1}.Release|Any CPU.ActiveCfg = Release|Any CPU
		{180C4756-0D8E-47FF-B331-0B4F4D5AA2E1}.Release|Any CPU.Build.0 = Release|Any CPU
		{A1CA1228-55F8-453A-AA21-4C4124255CA7}.Debug|Any CPU.ActiveCfg = Debug|Any CPU
		{A1CA1228-55F8-453A-AA21-4C4124255CA7}.Debug|Any CPU.Build.0 = Debug|Any CPU
		{A1CA1228-55F8-453A-AA21-4C4124255CA7}.Release|Any CPU.ActiveCfg = Release|Any CPU
		{A1CA1228-55F8-453A-AA21-4C4124255CA7}.Release|Any CPU.Build.0 = Release|Any CPU
		{77BFC8C8-3B3A-4196-A837-3FBCA5D6F35B}.Debug|Any CPU.ActiveCfg = Debug|Any CPU
		{77BFC8C8-3B3A-4196-A837-3FBCA5D6F35B}.Debug|Any CPU.Build.0 = Debug|Any CPU
		{77BFC8C8-3B3A-4196-A837-3FBCA5D6F35B}.Release|Any CPU.ActiveCfg = Release|Any CPU
		{77BFC8C8-3B3A-4196-A837-3FBCA5D6F35B}.Release|Any CPU.Build.0 = Release|Any CPU
		{E872E677-182B-4195-AAE1-714B68132520}.Debug|Any CPU.ActiveCfg = Debug|Any CPU
		{E872E677-182B-4195-AAE1-714B68132520}.Debug|Any CPU.Build.0 = Debug|Any CPU
		{E872E677-182B-4195-AAE1-714B68132520}.Release|Any CPU.ActiveCfg = Release|Any CPU
		{E872E677-182B-4195-AAE1-714B68132520}.Release|Any CPU.Build.0 = Release|Any CPU
		{3FAF17ED-9299-4845-9AB3-248EEEA2764C}.Debug|Any CPU.ActiveCfg = Debug|Any CPU
		{3FAF17ED-9299-4845-9AB3-248EEEA2764C}.Debug|Any CPU.Build.0 = Debug|Any CPU
		{3FAF17ED-9299-4845-9AB3-248EEEA2764C}.Release|Any CPU.ActiveCfg = Release|Any CPU
		{3FAF17ED-9299-4845-9AB3-248EEEA2764C}.Release|Any CPU.Build.0 = Release|Any CPU
		{7E368E67-4E7E-4B61-BB85-39CA2BD5617C}.Debug|Any CPU.ActiveCfg = Debug|Any CPU
		{7E368E67-4E7E-4B61-BB85-39CA2BD5617C}.Debug|Any CPU.Build.0 = Debug|Any CPU
		{7E368E67-4E7E-4B61-BB85-39CA2BD5617C}.Release|Any CPU.ActiveCfg = Release|Any CPU
		{7E368E67-4E7E-4B61-BB85-39CA2BD5617C}.Release|Any CPU.Build.0 = Release|Any CPU
		{B9DFBD39-6719-410F-94D8-8311F9354450}.Debug|Any CPU.ActiveCfg = Debug|Any CPU
		{B9DFBD39-6719-410F-94D8-8311F9354450}.Debug|Any CPU.Build.0 = Debug|Any CPU
		{B9DFBD39-6719-410F-94D8-8311F9354450}.Release|Any CPU.ActiveCfg = Release|Any CPU
		{B9DFBD39-6719-410F-94D8-8311F9354450}.Release|Any CPU.Build.0 = Release|Any CPU
	EndGlobalSection
	GlobalSection(SolutionProperties) = preSolution
		HideSolutionNode = FALSE
	EndGlobalSection
	GlobalSection(NestedProjects) = preSolution
		{180C4756-0D8E-47FF-B331-0B4F4D5AA2E1} = {7392A70A-E74E-4A0C-8E0C-ABDCB49B6DA9}
		{A1CA1228-55F8-453A-AA21-4C4124255CA7} = {D31CFD8B-56D8-4EC6-A685-A1909627CC25}
		{77BFC8C8-3B3A-4196-A837-3FBCA5D6F35B} = {7F55BB54-DA22-4D48-8221-E06DA3208A48}
		{E872E677-182B-4195-AAE1-714B68132520} = {7F55BB54-DA22-4D48-8221-E06DA3208A48}
		{3FAF17ED-9299-4845-9AB3-248EEEA2764C} = {D31CFD8B-56D8-4EC6-A685-A1909627CC25}
		{7E368E67-4E7E-4B61-BB85-39CA2BD5617C} = {D31CFD8B-56D8-4EC6-A685-A1909627CC25}
		{B9DFBD39-6719-410F-94D8-8311F9354450} = {D31CFD8B-56D8-4EC6-A685-A1909627CC25}
		{D31CFD8B-56D8-4EC6-A685-A1909627CC25} = {7392A70A-E74E-4A0C-8E0C-ABDCB49B6DA9}
		{7F55BB54-DA22-4D48-8221-E06DA3208A48} = {7392A70A-E74E-4A0C-8E0C-ABDCB49B6DA9}
	EndGlobalSection
	GlobalSection(ExtensibilityGlobals) = postSolution
		SolutionGuid = {7F4163FF-F2A3-4667-A32B-708C149C7D36}
	EndGlobalSection
EndGlobal
